// !$*UTF8*$!
{
	archiveVersion = 1;
	classes = {
	};
	objectVersion = 50;
	objects = {

/* Begin PBXBuildFile section */
		7BF4CF7027ADF01BF651E719 /* Pods_Sopt_iOS_4Week_Seminar_Project.framework in Frameworks */ = {isa = PBXBuildFile; fileRef = BD84A50563E1FBA8B339B510 /* Pods_Sopt_iOS_4Week_Seminar_Project.framework */; };
		9B7E51EA2556440C008B548A /* AppDelegate.swift in Sources */ = {isa = PBXBuildFile; fileRef = 9B7E51E92556440C008B548A /* AppDelegate.swift */; };
		9B7E51EC2556440C008B548A /* SceneDelegate.swift in Sources */ = {isa = PBXBuildFile; fileRef = 9B7E51EB2556440C008B548A /* SceneDelegate.swift */; };
		9B7E51EE2556440C008B548A /* ViewController.swift in Sources */ = {isa = PBXBuildFile; fileRef = 9B7E51ED2556440C008B548A /* ViewController.swift */; };
		9B7E51F12556440C008B548A /* Main.storyboard in Resources */ = {isa = PBXBuildFile; fileRef = 9B7E51EF2556440C008B548A /* Main.storyboard */; };
		9B7E51F32556440F008B548A /* Assets.xcassets in Resources */ = {isa = PBXBuildFile; fileRef = 9B7E51F22556440F008B548A /* Assets.xcassets */; };
		9B7E51F62556440F008B548A /* LaunchScreen.storyboard in Resources */ = {isa = PBXBuildFile; fileRef = 9B7E51F42556440F008B548A /* LaunchScreen.storyboard */; };
		9B7E51FF25564840008B548A /* CustomTabBarController.swift in Sources */ = {isa = PBXBuildFile; fileRef = 9B7E51FE25564840008B548A /* CustomTabBarController.swift */; };
		9B7E520225564873008B548A /* MintVC.swift in Sources */ = {isa = PBXBuildFile; fileRef = 9B7E520125564873008B548A /* MintVC.swift */; };
		9B7E520525564881008B548A /* YellowVC.swift in Sources */ = {isa = PBXBuildFile; fileRef = 9B7E520425564881008B548A /* YellowVC.swift */; };
		9B7E520825564E0E008B548A /* AnimationTestVC.swift in Sources */ = {isa = PBXBuildFile; fileRef = 9B7E520725564E0E008B548A /* AnimationTestVC.swift */; };
/* End PBXBuildFile section */

/* Begin PBXFileReference section */
		315C5D2A556E381766F40E3E /* Pods-Sopt_iOS_4Week_Seminar_Project.release.xcconfig */ = {isa = PBXFileReference; includeInIndex = 1; lastKnownFileType = text.xcconfig; name = "Pods-Sopt_iOS_4Week_Seminar_Project.release.xcconfig"; path = "Target Support Files/Pods-Sopt_iOS_4Week_Seminar_Project/Pods-Sopt_iOS_4Week_Seminar_Project.release.xcconfig"; sourceTree = "<group>"; };
		9B7E51E62556440C008B548A /* Sopt_iOS_4Week_Seminar_Project.app */ = {isa = PBXFileReference; explicitFileType = wrapper.application; includeInIndex = 0; path = Sopt_iOS_4Week_Seminar_Project.app; sourceTree = BUILT_PRODUCTS_DIR; };
		9B7E51E92556440C008B548A /* AppDelegate.swift */ = {isa = PBXFileReference; lastKnownFileType = sourcecode.swift; path = AppDelegate.swift; sourceTree = "<group>"; };
		9B7E51EB2556440C008B548A /* SceneDelegate.swift */ = {isa = PBXFileReference; lastKnownFileType = sourcecode.swift; path = SceneDelegate.swift; sourceTree = "<group>"; };
		9B7E51ED2556440C008B548A /* ViewController.swift */ = {isa = PBXFileReference; lastKnownFileType = sourcecode.swift; path = ViewController.swift; sourceTree = "<group>"; };
		9B7E51F02556440C008B548A /* Base */ = {isa = PBXFileReference; lastKnownFileType = file.storyboard; name = Base; path = Base.lproj/Main.storyboard; sourceTree = "<group>"; };
		9B7E51F22556440F008B548A /* Assets.xcassets */ = {isa = PBXFileReference; lastKnownFileType = folder.assetcatalog; path = Assets.xcassets; sourceTree = "<group>"; };
		9B7E51F52556440F008B548A /* Base */ = {isa = PBXFileReference; lastKnownFileType = file.storyboard; name = Base; path = Base.lproj/LaunchScreen.storyboard; sourceTree = "<group>"; };
		9B7E51F72556440F008B548A /* Info.plist */ = {isa = PBXFileReference; lastKnownFileType = text.plist.xml; path = Info.plist; sourceTree = "<group>"; };
		9B7E51FE25564840008B548A /* CustomTabBarController.swift */ = {isa = PBXFileReference; lastKnownFileType = sourcecode.swift; path = CustomTabBarController.swift; sourceTree = "<group>"; };
		9B7E520125564873008B548A /* MintVC.swift */ = {isa = PBXFileReference; lastKnownFileType = sourcecode.swift; path = MintVC.swift; sourceTree = "<group>"; };
		9B7E520425564881008B548A /* YellowVC.swift */ = {isa = PBXFileReference; lastKnownFileType = sourcecode.swift; path = YellowVC.swift; sourceTree = "<group>"; };
		9B7E520725564E0E008B548A /* AnimationTestVC.swift */ = {isa = PBXFileReference; lastKnownFileType = sourcecode.swift; path = AnimationTestVC.swift; sourceTree = "<group>"; };
		BD84A50563E1FBA8B339B510 /* Pods_Sopt_iOS_4Week_Seminar_Project.framework */ = {isa = PBXFileReference; explicitFileType = wrapper.framework; includeInIndex = 0; path = Pods_Sopt_iOS_4Week_Seminar_Project.framework; sourceTree = BUILT_PRODUCTS_DIR; };
		CBFA674E0ECE076C1F2A8528 /* Pods-Sopt_iOS_4Week_Seminar_Project.debug.xcconfig */ = {isa = PBXFileReference; includeInIndex = 1; lastKnownFileType = text.xcconfig; name = "Pods-Sopt_iOS_4Week_Seminar_Project.debug.xcconfig"; path = "Target Support Files/Pods-Sopt_iOS_4Week_Seminar_Project/Pods-Sopt_iOS_4Week_Seminar_Project.debug.xcconfig"; sourceTree = "<group>"; };
/* End PBXFileReference section */

/* Begin PBXFrameworksBuildPhase section */
		9B7E51E32556440C008B548A /* Frameworks */ = {
			isa = PBXFrameworksBuildPhase;
			buildActionMask = 2147483647;
			files = (
				7BF4CF7027ADF01BF651E719 /* Pods_Sopt_iOS_4Week_Seminar_Project.framework in Frameworks */,
			);
			runOnlyForDeploymentPostprocessing = 0;
		};
/* End PBXFrameworksBuildPhase section */

/* Begin PBXGroup section */
		2B46B75C156AC7F6ADC29EA6 /* Frameworks */ = {
			isa = PBXGroup;
			children = (
				BD84A50563E1FBA8B339B510 /* Pods_Sopt_iOS_4Week_Seminar_Project.framework */,
			);
			name = Frameworks;
			sourceTree = "<group>";
		};
		9B7E51DD2556440C008B548A = {
			isa = PBXGroup;
			children = (
				9B7E51E82556440C008B548A /* Sopt_iOS_4Week_Seminar_Project */,
				9B7E51E72556440C008B548A /* Products */,
				C52B267CD87DA17C36DCD94D /* Pods */,
				2B46B75C156AC7F6ADC29EA6 /* Frameworks */,
			);
			sourceTree = "<group>";
		};
		9B7E51E72556440C008B548A /* Products */ = {
			isa = PBXGroup;
			children = (
				9B7E51E62556440C008B548A /* Sopt_iOS_4Week_Seminar_Project.app */,
			);
			name = Products;
			sourceTree = "<group>";
		};
		9B7E51E82556440C008B548A /* Sopt_iOS_4Week_Seminar_Project */ = {
			isa = PBXGroup;
			children = (
				9B7E51E92556440C008B548A /* AppDelegate.swift */,
				9B7E51EB2556440C008B548A /* SceneDelegate.swift */,
				9B7E51ED2556440C008B548A /* ViewController.swift */,
				9B7E51EF2556440C008B548A /* Main.storyboard */,
				9B7E51F22556440F008B548A /* Assets.xcassets */,
				9B7E51F42556440F008B548A /* LaunchScreen.storyboard */,
				9B7E51F72556440F008B548A /* Info.plist */,
				9B7E51FE25564840008B548A /* CustomTabBarController.swift */,
				9B7E520125564873008B548A /* MintVC.swift */,
				9B7E520425564881008B548A /* YellowVC.swift */,
				9B7E520725564E0E008B548A /* AnimationTestVC.swift */,
			);
			path = Sopt_iOS_4Week_Seminar_Project;
			sourceTree = "<group>";
		};
		C52B267CD87DA17C36DCD94D /* Pods */ = {
			isa = PBXGroup;
			children = (
				CBFA674E0ECE076C1F2A8528 /* Pods-Sopt_iOS_4Week_Seminar_Project.debug.xcconfig */,
				315C5D2A556E381766F40E3E /* Pods-Sopt_iOS_4Week_Seminar_Project.release.xcconfig */,
			);
			name = Pods;
			path = Pods;
			sourceTree = "<group>";
		};
/* End PBXGroup section */

/* Begin PBXNativeTarget section */
		9B7E51E52556440C008B548A /* Sopt_iOS_4Week_Seminar_Project */ = {
			isa = PBXNativeTarget;
			buildConfigurationList = 9B7E51FA2556440F008B548A /* Build configuration list for PBXNativeTarget "Sopt_iOS_4Week_Seminar_Project" */;
			buildPhases = (
				56E53B423E2ACC696D45C698 /* [CP] Check Pods Manifest.lock */,
				9B7E51E22556440C008B548A /* Sources */,
				9B7E51E32556440C008B548A /* Frameworks */,
				9B7E51E42556440C008B548A /* Resources */,
				0D1D6D0EC277419218616468 /* [CP] Embed Pods Frameworks */,
			);
			buildRules = (
			);
			dependencies = (
			);
			name = Sopt_iOS_4Week_Seminar_Project;
			productName = Sopt_iOS_4Week_Seminar_Project;
			productReference = 9B7E51E62556440C008B548A /* Sopt_iOS_4Week_Seminar_Project.app */;
			productType = "com.apple.product-type.application";
		};
/* End PBXNativeTarget section */

/* Begin PBXProject section */
		9B7E51DE2556440C008B548A /* Project object */ = {
			isa = PBXProject;
			attributes = {
				LastSwiftUpdateCheck = 1200;
				LastUpgradeCheck = 1200;
				TargetAttributes = {
					9B7E51E52556440C008B548A = {
						CreatedOnToolsVersion = 12.0.1;
					};
				};
			};
			buildConfigurationList = 9B7E51E12556440C008B548A /* Build configuration list for PBXProject "Sopt_iOS_4Week_Seminar_Project" */;
			compatibilityVersion = "Xcode 9.3";
			developmentRegion = en;
			hasScannedForEncodings = 0;
			knownRegions = (
				en,
				Base,
			);
			mainGroup = 9B7E51DD2556440C008B548A;
			productRefGroup = 9B7E51E72556440C008B548A /* Products */;
			projectDirPath = "";
			projectRoot = "";
			targets = (
				9B7E51E52556440C008B548A /* Sopt_iOS_4Week_Seminar_Project */,
			);
		};
/* End PBXProject section */

/* Begin PBXResourcesBuildPhase section */
		9B7E51E42556440C008B548A /* Resources */ = {
			isa = PBXResourcesBuildPhase;
			buildActionMask = 2147483647;
			files = (
				9B7E51F62556440F008B548A /* LaunchScreen.storyboard in Resources */,
				9B7E51F32556440F008B548A /* Assets.xcassets in Resources */,
				9B7E51F12556440C008B548A /* Main.storyboard in Resources */,
			);
			runOnlyForDeploymentPostprocessing = 0;
		};
/* End PBXResourcesBuildPhase section */

/* Begin PBXShellScriptBuildPhase section */
		0D1D6D0EC277419218616468 /* [CP] Embed Pods Frameworks */ = {
			isa = PBXShellScriptBuildPhase;
			buildActionMask = 2147483647;
			files = (
			);
			inputFileListPaths = (
				"${PODS_ROOT}/Target Support Files/Pods-Sopt_iOS_4Week_Seminar_Project/Pods-Sopt_iOS_4Week_Seminar_Project-frameworks-${CONFIGURATION}-input-files.xcfilelist",
			);
			name = "[CP] Embed Pods Frameworks";
			outputFileListPaths = (
				"${PODS_ROOT}/Target Support Files/Pods-Sopt_iOS_4Week_Seminar_Project/Pods-Sopt_iOS_4Week_Seminar_Project-frameworks-${CONFIGURATION}-output-files.xcfilelist",
			);
			runOnlyForDeploymentPostprocessing = 0;
			shellPath = /bin/sh;
			shellScript = "\"${PODS_ROOT}/Target Support Files/Pods-Sopt_iOS_4Week_Seminar_Project/Pods-Sopt_iOS_4Week_Seminar_Project-frameworks.sh\"\n";
			showEnvVarsInLog = 0;
		};
		56E53B423E2ACC696D45C698 /* [CP] Check Pods Manifest.lock */ = {
			isa = PBXShellScriptBuildPhase;
			buildActionMask = 2147483647;
			files = (
			);
			inputFileListPaths = (
			);
			inputPaths = (
				"${PODS_PODFILE_DIR_PATH}/Podfile.lock",
				"${PODS_ROOT}/Manifest.lock",
			);
			name = "[CP] Check Pods Manifest.lock";
			outputFileListPaths = (
			);
			outputPaths = (
				"$(DERIVED_FILE_DIR)/Pods-Sopt_iOS_4Week_Seminar_Project-checkManifestLockResult.txt",
			);
			runOnlyForDeploymentPostprocessing = 0;
			shellPath = /bin/sh;
			shellScript = "diff \"${PODS_PODFILE_DIR_PATH}/Podfile.lock\" \"${PODS_ROOT}/Manifest.lock\" > /dev/null\nif [ $? != 0 ] ; then\n    # print error to STDERR\n    echo \"error: The sandbox is not in sync with the Podfile.lock. Run 'pod install' or update your CocoaPods installation.\" >&2\n    exit 1\nfi\n# This output is used by Xcode 'outputs' to avoid re-running this script phase.\necho \"SUCCESS\" > \"${SCRIPT_OUTPUT_FILE_0}\"\n";
			showEnvVarsInLog = 0;
		};
/* End PBXShellScriptBuildPhase section */

/* Begin PBXSourcesBuildPhase section */
		9B7E51E22556440C008B548A /* Sources */ = {
			isa = PBXSourcesBuildPhase;
			buildActionMask = 2147483647;
			files = (
				9B7E520225564873008B548A /* MintVC.swift in Sources */,
				9B7E51EE2556440C008B548A /* ViewController.swift in Sources */,
				9B7E520825564E0E008B548A /* AnimationTestVC.swift in Sources */,
				9B7E520525564881008B548A /* YellowVC.swift in Sources */,
				9B7E51EA2556440C008B548A /* AppDelegate.swift in Sources */,
				9B7E51FF25564840008B548A /* CustomTabBarController.swift in Sources */,
				9B7E51EC2556440C008B548A /* SceneDelegate.swift in Sources */,
			);
			runOnlyForDeploymentPostprocessing = 0;
		};
/* End PBXSourcesBuildPhase section */

/* Begin PBXVariantGroup section */
		9B7E51EF2556440C008B548A /* Main.storyboard */ = {
			isa = PBXVariantGroup;
			children = (
				9B7E51F02556440C008B548A /* Base */,
			);
			name = Main.storyboard;
			sourceTree = "<group>";
		};
		9B7E51F42556440F008B548A /* LaunchScreen.storyboard */ = {
			isa = PBXVariantGroup;
			children = (
				9B7E51F52556440F008B548A /* Base */,
			);
			name = LaunchScreen.storyboard;
			sourceTree = "<group>";
		};
/* End PBXVariantGroup section */

/* Begin XCBuildConfiguration section */
		9B7E51F82556440F008B548A /* Debug */ = {
			isa = XCBuildConfiguration;
			buildSettings = {
				ALWAYS_SEARCH_USER_PATHS = NO;
				CLANG_ANALYZER_NONNULL = YES;
				CLANG_ANALYZER_NUMBER_OBJECT_CONVERSION = YES_AGGRESSIVE;
				CLANG_CXX_LANGUAGE_STANDARD = "gnu++14";
				CLANG_CXX_LIBRARY = "libc++";
				CLANG_ENABLE_MODULES = YES;
				CLANG_ENABLE_OBJC_ARC = YES;
				CLANG_ENABLE_OBJC_WEAK = YES;
				CLANG_WARN_BLOCK_CAPTURE_AUTORELEASING = YES;
				CLANG_WARN_BOOL_CONVERSION = YES;
				CLANG_WARN_COMMA = YES;
				CLANG_WARN_CONSTANT_CONVERSION = YES;
				CLANG_WARN_DEPRECATED_OBJC_IMPLEMENTATIONS = YES;
				CLANG_WARN_DIRECT_OBJC_ISA_USAGE = YES_ERROR;
				CLANG_WARN_DOCUMENTATION_COMMENTS = YES;
				CLANG_WARN_EMPTY_BODY = YES;
				CLANG_WARN_ENUM_CONVERSION = YES;
				CLANG_WARN_INFINITE_RECURSION = YES;
				CLANG_WARN_INT_CONVERSION = YES;
				CLANG_WARN_NON_LITERAL_NULL_CONVERSION = YES;
				CLANG_WARN_OBJC_IMPLICIT_RETAIN_SELF = YES;
				CLANG_WARN_OBJC_LITERAL_CONVERSION = YES;
				CLANG_WARN_OBJC_ROOT_CLASS = YES_ERROR;
				CLANG_WARN_QUOTED_INCLUDE_IN_FRAMEWORK_HEADER = YES;
				CLANG_WARN_RANGE_LOOP_ANALYSIS = YES;
				CLANG_WARN_STRICT_PROTOTYPES = YES;
				CLANG_WARN_SUSPICIOUS_MOVE = YES;
				CLANG_WARN_UNGUARDED_AVAILABILITY = YES_AGGRESSIVE;
				CLANG_WARN_UNREACHABLE_CODE = YES;
				CLANG_WARN__DUPLICATE_METHOD_MATCH = YES;
				COPY_PHASE_STRIP = NO;
				DEBUG_INFORMATION_FORMAT = dwarf;
				ENABLE_STRICT_OBJC_MSGSEND = YES;
				ENABLE_TESTABILITY = YES;
				GCC_C_LANGUAGE_STANDARD = gnu11;
				GCC_DYNAMIC_NO_PIC = NO;
				GCC_NO_COMMON_BLOCKS = YES;
				GCC_OPTIMIZATION_LEVEL = 0;
				GCC_PREPROCESSOR_DEFINITIONS = (
					"DEBUG=1",
					"$(inherited)",
				);
				GCC_WARN_64_TO_32_BIT_CONVERSION = YES;
				GCC_WARN_ABOUT_RETURN_TYPE = YES_ERROR;
				GCC_WARN_UNDECLARED_SELECTOR = YES;
				GCC_WARN_UNINITIALIZED_AUTOS = YES_AGGRESSIVE;
				GCC_WARN_UNUSED_FUNCTION = YES;
				GCC_WARN_UNUSED_VARIABLE = YES;
				IPHONEOS_DEPLOYMENT_TARGET = 14.0;
				MTL_ENABLE_DEBUG_INFO = INCLUDE_SOURCE;
				MTL_FAST_MATH = YES;
				ONLY_ACTIVE_ARCH = YES;
				SDKROOT = iphoneos;
				SWIFT_ACTIVE_COMPILATION_CONDITIONS = DEBUG;
				SWIFT_OPTIMIZATION_LEVEL = "-Onone";
			};
			name = Debug;
		};
		9B7E51F92556440F008B548A /* Release */ = {
			isa = XCBuildConfiguration;
			buildSettings = {
				ALWAYS_SEARCH_USER_PATHS = NO;
				CLANG_ANALYZER_NONNULL = YES;
				CLANG_ANALYZER_NUMBER_OBJECT_CONVERSION = YES_AGGRESSIVE;
				CLANG_CXX_LANGUAGE_STANDARD = "gnu++14";
				CLANG_CXX_LIBRARY = "libc++";
				CLANG_ENABLE_MODULES = YES;
				CLANG_ENABLE_OBJC_ARC = YES;
				CLANG_ENABLE_OBJC_WEAK = YES;
				CLANG_WARN_BLOCK_CAPTURE_AUTORELEASING = YES;
				CLANG_WARN_BOOL_CONVERSION = YES;
				CLANG_WARN_COMMA = YES;
				CLANG_WARN_CONSTANT_CONVERSION = YES;
				CLANG_WARN_DEPRECATED_OBJC_IMPLEMENTATIONS = YES;
				CLANG_WARN_DIRECT_OBJC_ISA_USAGE = YES_ERROR;
				CLANG_WARN_DOCUMENTATION_COMMENTS = YES;
				CLANG_WARN_EMPTY_BODY = YES;
				CLANG_WARN_ENUM_CONVERSION = YES;
				CLANG_WARN_INFINITE_RECURSION = YES;
				CLANG_WARN_INT_CONVERSION = YES;
				CLANG_WARN_NON_LITERAL_NULL_CONVERSION = YES;
				CLANG_WARN_OBJC_IMPLICIT_RETAIN_SELF = YES;
				CLANG_WARN_OBJC_LITERAL_CONVERSION = YES;
				CLANG_WARN_OBJC_ROOT_CLASS = YES_ERROR;
				CLANG_WARN_QUOTED_INCLUDE_IN_FRAMEWORK_HEADER = YES;
				CLANG_WARN_RANGE_LOOP_ANALYSIS = YES;
				CLANG_WARN_STRICT_PROTOTYPES = YES;
				CLANG_WARN_SUSPICIOUS_MOVE = YES;
				CLANG_WARN_UNGUARDED_AVAILABILITY = YES_AGGRESSIVE;
				CLANG_WARN_UNREACHABLE_CODE = YES;
				CLANG_WARN__DUPLICATE_METHOD_MATCH = YES;
				COPY_PHASE_STRIP = NO;
				DEBUG_INFORMATION_FORMAT = "dwarf-with-dsym";
				ENABLE_NS_ASSERTIONS = NO;
				ENABLE_STRICT_OBJC_MSGSEND = YES;
				GCC_C_LANGUAGE_STANDARD = gnu11;
				GCC_NO_COMMON_BLOCKS = YES;
				GCC_WARN_64_TO_32_BIT_CONVERSION = YES;
				GCC_WARN_ABOUT_RETURN_TYPE = YES_ERROR;
				GCC_WARN_UNDECLARED_SELECTOR = YES;
				GCC_WARN_UNINITIALIZED_AUTOS = YES_AGGRESSIVE;
				GCC_WARN_UNUSED_FUNCTION = YES;
				GCC_WARN_UNUSED_VARIABLE = YES;
				IPHONEOS_DEPLOYMENT_TARGET = 14.0;
				MTL_ENABLE_DEBUG_INFO = NO;
				MTL_FAST_MATH = YES;
				SDKROOT = iphoneos;
				SWIFT_COMPILATION_MODE = wholemodule;
				SWIFT_OPTIMIZATION_LEVEL = "-O";
				VALIDATE_PRODUCT = YES;
			};
			name = Release;
		};
		9B7E51FB2556440F008B548A /* Debug */ = {
			isa = XCBuildConfiguration;
			baseConfigurationReference = CBFA674E0ECE076C1F2A8528 /* Pods-Sopt_iOS_4Week_Seminar_Project.debug.xcconfig */;
			buildSettings = {
				ASSETCATALOG_COMPILER_APPICON_NAME = AppIcon;
				ASSETCATALOG_COMPILER_GLOBAL_ACCENT_COLOR_NAME = AccentColor;
				CODE_SIGN_STYLE = Automatic;
				DEVELOPMENT_TEAM = DUQE66MABG;
				INFOPLIST_FILE = Sopt_iOS_4Week_Seminar_Project/Info.plist;
				LD_RUNPATH_SEARCH_PATHS = (
					"$(inherited)",
					"@executable_path/Frameworks",
				);
				PRODUCT_BUNDLE_IDENTIFIER = "com.tistory.minnit-develop.Sopt-iOS-4Week-Seminar-Project";
				PRODUCT_NAME = "$(TARGET_NAME)";
				SWIFT_VERSION = 5.0;
				TARGETED_DEVICE_FAMILY = "1,2";
			};
			name = Debug;
		};
		9B7E51FC2556440F008B548A /* Release */ = {
			isa = XCBuildConfiguration;
			baseConfigurationReference = 315C5D2A556E381766F40E3E /* Pods-Sopt_iOS_4Week_Seminar_Project.release.xcconfig */;
			buildSettings = {
				ASSETCATALOG_COMPILER_APPICON_NAME = AppIcon;
				ASSETCATALOG_COMPILER_GLOBAL_ACCENT_COLOR_NAME = AccentColor;
				CODE_SIGN_STYLE = Automatic;
				DEVELOPMENT_TEAM = DUQE66MABG;
				INFOPLIST_FILE = Sopt_iOS_4Week_Seminar_Project/Info.plist;
				LD_RUNPATH_SEARCH_PATHS = (
					"$(inherited)",
					"@executable_path/Frameworks",
				);
				PRODUCT_BUNDLE_IDENTIFIER = "com.tistory.minnit-develop.Sopt-iOS-4Week-Seminar-Project";
				PRODUCT_NAME = "$(TARGET_NAME)";
				SWIFT_VERSION = 5.0;
				TARGETED_DEVICE_FAMILY = "1,2";
			};
			name = Release;
		};
/* End XCBuildConfiguration section */

/* Begin XCConfigurationList section */
		9B7E51E12556440C008B548A /* Build configuration list for PBXProject "Sopt_iOS_4Week_Seminar_Project" */ = {
			isa = XCConfigurationList;
			buildConfigurations = (
				9B7E51F82556440F008B548A /* Debug */,
				9B7E51F92556440F008B548A /* Release */,
			);
			defaultConfigurationIsVisible = 0;
			defaultConfigurationName = Release;
		};
		9B7E51FA2556440F008B548A /* Build configuration list for PBXNativeTarget "Sopt_iOS_4Week_Seminar_Project" */ = {
			isa = XCConfigurationList;
			buildConfigurations = (
				9B7E51FB2556440F008B548A /* Debug */,
				9B7E51FC2556440F008B548A /* Release */,
			);
			defaultConfigurationIsVisible = 0;
			defaultConfigurationName = Release;
		};
/* End XCConfigurationList section */
	};
	rootObject = 9B7E51DE2556440C008B548A /* Project object */;
}
