// !$*UTF8*$!
{
	archiveVersion = 1;
	classes = {
	};
	objectVersion = 50;
	objects = {

/* Begin PBXBuildFile section */
		9B08545F2549D05B00805993 /* Scroll.storyboard in Resources */ = {isa = PBXBuildFile; fileRef = 9B08545E2549D05B00805993 /* Scroll.storyboard */; };
		9B16127925345DAF00BE87A3 /* AppDelegate.swift in Sources */ = {isa = PBXBuildFile; fileRef = 9B16127825345DAF00BE87A3 /* AppDelegate.swift */; };
		9B16127B25345DAF00BE87A3 /* SceneDelegate.swift in Sources */ = {isa = PBXBuildFile; fileRef = 9B16127A25345DAF00BE87A3 /* SceneDelegate.swift */; };
		9B16128025345DAF00BE87A3 /* Main.storyboard in Resources */ = {isa = PBXBuildFile; fileRef = 9B16127E25345DAF00BE87A3 /* Main.storyboard */; };
		9B16128225345DB100BE87A3 /* Assets.xcassets in Resources */ = {isa = PBXBuildFile; fileRef = 9B16128125345DB100BE87A3 /* Assets.xcassets */; };
		9B16128525345DB100BE87A3 /* LaunchScreen.storyboard in Resources */ = {isa = PBXBuildFile; fileRef = 9B16128325345DB100BE87A3 /* LaunchScreen.storyboard */; };
		9B315DC8254B21C600616840 /* SoptWorkingViewController.swift in Sources */ = {isa = PBXBuildFile; fileRef = 9B315DC7254B21C600616840 /* SoptWorkingViewController.swift */; };
		9BF10EEC2535AC2E005B93FE /* MainViewController.swift in Sources */ = {isa = PBXBuildFile; fileRef = 9BF10EEB2535AC2E005B93FE /* MainViewController.swift */; };
		9BF10EEF2535AC36005B93FE /* LoginViewController.swift in Sources */ = {isa = PBXBuildFile; fileRef = 9BF10EEE2535AC36005B93FE /* LoginViewController.swift */; };
		9BF10EF22535AC3C005B93FE /* SignViewController.swift in Sources */ = {isa = PBXBuildFile; fileRef = 9BF10EF12535AC3C005B93FE /* SignViewController.swift */; };
/* End PBXBuildFile section */

/* Begin PBXFileReference section */
		9B08545E2549D05B00805993 /* Scroll.storyboard */ = {isa = PBXFileReference; lastKnownFileType = file.storyboard; path = Scroll.storyboard; sourceTree = "<group>"; };
		9B16127525345DAF00BE87A3 /* Sopt_iOS_1Week_Assignment.app */ = {isa = PBXFileReference; explicitFileType = wrapper.application; includeInIndex = 0; path = Sopt_iOS_1Week_Assignment.app; sourceTree = BUILT_PRODUCTS_DIR; };
		9B16127825345DAF00BE87A3 /* AppDelegate.swift */ = {isa = PBXFileReference; lastKnownFileType = sourcecode.swift; path = AppDelegate.swift; sourceTree = "<group>"; };
		9B16127A25345DAF00BE87A3 /* SceneDelegate.swift */ = {isa = PBXFileReference; lastKnownFileType = sourcecode.swift; path = SceneDelegate.swift; sourceTree = "<group>"; };
		9B16127F25345DAF00BE87A3 /* Base */ = {isa = PBXFileReference; lastKnownFileType = file.storyboard; name = Base; path = Base.lproj/Main.storyboard; sourceTree = "<group>"; };
		9B16128125345DB100BE87A3 /* Assets.xcassets */ = {isa = PBXFileReference; lastKnownFileType = folder.assetcatalog; path = Assets.xcassets; sourceTree = "<group>"; };
		9B16128425345DB100BE87A3 /* Base */ = {isa = PBXFileReference; lastKnownFileType = file.storyboard; name = Base; path = Base.lproj/LaunchScreen.storyboard; sourceTree = "<group>"; };
		9B16128625345DB100BE87A3 /* Info.plist */ = {isa = PBXFileReference; lastKnownFileType = text.plist.xml; path = Info.plist; sourceTree = "<group>"; };
		9B315DC7254B21C600616840 /* SoptWorkingViewController.swift */ = {isa = PBXFileReference; lastKnownFileType = sourcecode.swift; path = SoptWorkingViewController.swift; sourceTree = "<group>"; };
		9BF10EEB2535AC2E005B93FE /* MainViewController.swift */ = {isa = PBXFileReference; lastKnownFileType = sourcecode.swift; path = MainViewController.swift; sourceTree = "<group>"; };
		9BF10EEE2535AC36005B93FE /* LoginViewController.swift */ = {isa = PBXFileReference; lastKnownFileType = sourcecode.swift; path = LoginViewController.swift; sourceTree = "<group>"; };
		9BF10EF12535AC3C005B93FE /* SignViewController.swift */ = {isa = PBXFileReference; lastKnownFileType = sourcecode.swift; path = SignViewController.swift; sourceTree = "<group>"; };
/* End PBXFileReference section */

/* Begin PBXFrameworksBuildPhase section */
		9B16127225345DAF00BE87A3 /* Frameworks */ = {
			isa = PBXFrameworksBuildPhase;
			buildActionMask = 2147483647;
			files = (
			);
			runOnlyForDeploymentPostprocessing = 0;
		};
/* End PBXFrameworksBuildPhase section */

/* Begin PBXGroup section */
		9B16126C25345DAF00BE87A3 = {
			isa = PBXGroup;
			children = (
				9B16127725345DAF00BE87A3 /* Sopt_iOS_1Week_Assignment */,
				9B16127625345DAF00BE87A3 /* Products */,
			);
			sourceTree = "<group>";
		};
		9B16127625345DAF00BE87A3 /* Products */ = {
			isa = PBXGroup;
			children = (
				9B16127525345DAF00BE87A3 /* Sopt_iOS_1Week_Assignment.app */,
			);
			name = Products;
			sourceTree = "<group>";
		};
		9B16127725345DAF00BE87A3 /* Sopt_iOS_1Week_Assignment */ = {
			isa = PBXGroup;
			children = (
				9B16128625345DB100BE87A3 /* Info.plist */,
				9B16128F25345E7300BE87A3 /* Resource */,
				9B16128E25345E4E00BE87A3 /* Source */,
				9B16128D25345E4300BE87A3 /* Surpporting File */,
			);
			path = Sopt_iOS_1Week_Assignment;
			sourceTree = "<group>";
		};
		9B16128D25345E4300BE87A3 /* Surpporting File */ = {
			isa = PBXGroup;
			children = (
				9B16127A25345DAF00BE87A3 /* SceneDelegate.swift */,
				9B16127825345DAF00BE87A3 /* AppDelegate.swift */,
			);
			path = "Surpporting File";
			sourceTree = "<group>";
		};
		9B16128E25345E4E00BE87A3 /* Source */ = {
			isa = PBXGroup;
			children = (
				9B16129025345E8600BE87A3 /* ViewController */,
			);
			path = Source;
			sourceTree = "<group>";
		};
		9B16128F25345E7300BE87A3 /* Resource */ = {
			isa = PBXGroup;
			children = (
				9B16129325345E9F00BE87A3 /* StoryBoard */,
				9B16128125345DB100BE87A3 /* Assets.xcassets */,
			);
			path = Resource;
			sourceTree = "<group>";
		};
		9B16129025345E8600BE87A3 /* ViewController */ = {
			isa = PBXGroup;
			children = (
				9BF10EEB2535AC2E005B93FE /* MainViewController.swift */,
				9BF10EEE2535AC36005B93FE /* LoginViewController.swift */,
				9BF10EF12535AC3C005B93FE /* SignViewController.swift */,
				9B315DC7254B21C600616840 /* SoptWorkingViewController.swift */,
			);
			path = ViewController;
			sourceTree = "<group>";
		};
		9B16129325345E9F00BE87A3 /* StoryBoard */ = {
			isa = PBXGroup;
			children = (
				9B16127E25345DAF00BE87A3 /* Main.storyboard */,
				9B16128325345DB100BE87A3 /* LaunchScreen.storyboard */,
				9B08545E2549D05B00805993 /* Scroll.storyboard */,
			);
			path = StoryBoard;
			sourceTree = "<group>";
		};
/* End PBXGroup section */

/* Begin PBXNativeTarget section */
		9B16127425345DAF00BE87A3 /* Sopt_iOS_1Week_Assignment */ = {
			isa = PBXNativeTarget;
			buildConfigurationList = 9B16128925345DB200BE87A3 /* Build configuration list for PBXNativeTarget "Sopt_iOS_1Week_Assignment" */;
			buildPhases = (
				9B16127125345DAF00BE87A3 /* Sources */,
				9B16127225345DAF00BE87A3 /* Frameworks */,
				9B16127325345DAF00BE87A3 /* Resources */,
			);
			buildRules = (
			);
			dependencies = (
			);
			name = Sopt_iOS_1Week_Assignment;
			productName = Sopt_iOS_1Week_Assignment;
			productReference = 9B16127525345DAF00BE87A3 /* Sopt_iOS_1Week_Assignment.app */;
			productType = "com.apple.product-type.application";
		};
/* End PBXNativeTarget section */

/* Begin PBXProject section */
		9B16126D25345DAF00BE87A3 /* Project object */ = {
			isa = PBXProject;
			attributes = {
				LastSwiftUpdateCheck = 1200;
				LastUpgradeCheck = 1200;
				TargetAttributes = {
					9B16127425345DAF00BE87A3 = {
						CreatedOnToolsVersion = 12.0.1;
					};
				};
			};
			buildConfigurationList = 9B16127025345DAF00BE87A3 /* Build configuration list for PBXProject "Sopt_iOS_1Week_Assignment" */;
			compatibilityVersion = "Xcode 9.3";
			developmentRegion = en;
			hasScannedForEncodings = 0;
			knownRegions = (
				en,
				Base,
			);
			mainGroup = 9B16126C25345DAF00BE87A3;
			productRefGroup = 9B16127625345DAF00BE87A3 /* Products */;
			projectDirPath = "";
			projectRoot = "";
			targets = (
				9B16127425345DAF00BE87A3 /* Sopt_iOS_1Week_Assignment */,
			);
		};
/* End PBXProject section */

/* Begin PBXResourcesBuildPhase section */
		9B16127325345DAF00BE87A3 /* Resources */ = {
			isa = PBXResourcesBuildPhase;
			buildActionMask = 2147483647;
			files = (
				9B16128525345DB100BE87A3 /* LaunchScreen.storyboard in Resources */,
				9B16128225345DB100BE87A3 /* Assets.xcassets in Resources */,
				9B16128025345DAF00BE87A3 /* Main.storyboard in Resources */,
				9B08545F2549D05B00805993 /* Scroll.storyboard in Resources */,
			);
			runOnlyForDeploymentPostprocessing = 0;
		};
/* End PBXResourcesBuildPhase section */

/* Begin PBXSourcesBuildPhase section */
		9B16127125345DAF00BE87A3 /* Sources */ = {
			isa = PBXSourcesBuildPhase;
			buildActionMask = 2147483647;
			files = (
				9BF10EEF2535AC36005B93FE /* LoginViewController.swift in Sources */,
				9BF10EEC2535AC2E005B93FE /* MainViewController.swift in Sources */,
				9B315DC8254B21C600616840 /* SoptWorkingViewController.swift in Sources */,
				9BF10EF22535AC3C005B93FE /* SignViewController.swift in Sources */,
				9B16127925345DAF00BE87A3 /* AppDelegate.swift in Sources */,
				9B16127B25345DAF00BE87A3 /* SceneDelegate.swift in Sources */,
			);
			runOnlyForDeploymentPostprocessing = 0;
		};
/* End PBXSourcesBuildPhase section */

/* Begin PBXVariantGroup section */
		9B16127E25345DAF00BE87A3 /* Main.storyboard */ = {
			isa = PBXVariantGroup;
			children = (
				9B16127F25345DAF00BE87A3 /* Base */,
			);
			name = Main.storyboard;
			sourceTree = "<group>";
		};
		9B16128325345DB100BE87A3 /* LaunchScreen.storyboard */ = {
			isa = PBXVariantGroup;
			children = (
				9B16128425345DB100BE87A3 /* Base */,
			);
			name = LaunchScreen.storyboard;
			sourceTree = "<group>";
		};
/* End PBXVariantGroup section */

/* Begin XCBuildConfiguration section */
		9B16128725345DB100BE87A3 /* Debug */ = {
			isa = XCBuildConfiguration;
			buildSettings = {
				ALWAYS_SEARCH_USER_PATHS = NO;
				CLANG_ANALYZER_NONNULL = YES;
				CLANG_ANALYZER_NUMBER_OBJECT_CONVERSION = YES_AGGRESSIVE;
				CLANG_CXX_LANGUAGE_STANDARD = "gnu++14";
				CLANG_CXX_LIBRARY = "libc++";
				CLANG_ENABLE_MODULES = YES;
				CLANG_ENABLE_OBJC_ARC = YES;
				CLANG_ENABLE_OBJC_WEAK = YES;
				CLANG_WARN_BLOCK_CAPTURE_AUTORELEASING = YES;
				CLANG_WARN_BOOL_CONVERSION = YES;
				CLANG_WARN_COMMA = YES;
				CLANG_WARN_CONSTANT_CONVERSION = YES;
				CLANG_WARN_DEPRECATED_OBJC_IMPLEMENTATIONS = YES;
				CLANG_WARN_DIRECT_OBJC_ISA_USAGE = YES_ERROR;
				CLANG_WARN_DOCUMENTATION_COMMENTS = YES;
				CLANG_WARN_EMPTY_BODY = YES;
				CLANG_WARN_ENUM_CONVERSION = YES;
				CLANG_WARN_INFINITE_RECURSION = YES;
				CLANG_WARN_INT_CONVERSION = YES;
				CLANG_WARN_NON_LITERAL_NULL_CONVERSION = YES;
				CLANG_WARN_OBJC_IMPLICIT_RETAIN_SELF = YES;
				CLANG_WARN_OBJC_LITERAL_CONVERSION = YES;
				CLANG_WARN_OBJC_ROOT_CLASS = YES_ERROR;
				CLANG_WARN_QUOTED_INCLUDE_IN_FRAMEWORK_HEADER = YES;
				CLANG_WARN_RANGE_LOOP_ANALYSIS = YES;
				CLANG_WARN_STRICT_PROTOTYPES = YES;
				CLANG_WARN_SUSPICIOUS_MOVE = YES;
				CLANG_WARN_UNGUARDED_AVAILABILITY = YES_AGGRESSIVE;
				CLANG_WARN_UNREACHABLE_CODE = YES;
				CLANG_WARN__DUPLICATE_METHOD_MATCH = YES;
				COPY_PHASE_STRIP = NO;
				DEBUG_INFORMATION_FORMAT = dwarf;
				ENABLE_STRICT_OBJC_MSGSEND = YES;
				ENABLE_TESTABILITY = YES;
				GCC_C_LANGUAGE_STANDARD = gnu11;
				GCC_DYNAMIC_NO_PIC = NO;
				GCC_NO_COMMON_BLOCKS = YES;
				GCC_OPTIMIZATION_LEVEL = 0;
				GCC_PREPROCESSOR_DEFINITIONS = (
					"DEBUG=1",
					"$(inherited)",
				);
				GCC_WARN_64_TO_32_BIT_CONVERSION = YES;
				GCC_WARN_ABOUT_RETURN_TYPE = YES_ERROR;
				GCC_WARN_UNDECLARED_SELECTOR = YES;
				GCC_WARN_UNINITIALIZED_AUTOS = YES_AGGRESSIVE;
				GCC_WARN_UNUSED_FUNCTION = YES;
				GCC_WARN_UNUSED_VARIABLE = YES;
				IPHONEOS_DEPLOYMENT_TARGET = 14.0;
				MTL_ENABLE_DEBUG_INFO = INCLUDE_SOURCE;
				MTL_FAST_MATH = YES;
				ONLY_ACTIVE_ARCH = YES;
				SDKROOT = iphoneos;
				SWIFT_ACTIVE_COMPILATION_CONDITIONS = DEBUG;
				SWIFT_OPTIMIZATION_LEVEL = "-Onone";
			};
			name = Debug;
		};
		9B16128825345DB100BE87A3 /* Release */ = {
			isa = XCBuildConfiguration;
			buildSettings = {
				ALWAYS_SEARCH_USER_PATHS = NO;
				CLANG_ANALYZER_NONNULL = YES;
				CLANG_ANALYZER_NUMBER_OBJECT_CONVERSION = YES_AGGRESSIVE;
				CLANG_CXX_LANGUAGE_STANDARD = "gnu++14";
				CLANG_CXX_LIBRARY = "libc++";
				CLANG_ENABLE_MODULES = YES;
				CLANG_ENABLE_OBJC_ARC = YES;
				CLANG_ENABLE_OBJC_WEAK = YES;
				CLANG_WARN_BLOCK_CAPTURE_AUTORELEASING = YES;
				CLANG_WARN_BOOL_CONVERSION = YES;
				CLANG_WARN_COMMA = YES;
				CLANG_WARN_CONSTANT_CONVERSION = YES;
				CLANG_WARN_DEPRECATED_OBJC_IMPLEMENTATIONS = YES;
				CLANG_WARN_DIRECT_OBJC_ISA_USAGE = YES_ERROR;
				CLANG_WARN_DOCUMENTATION_COMMENTS = YES;
				CLANG_WARN_EMPTY_BODY = YES;
				CLANG_WARN_ENUM_CONVERSION = YES;
				CLANG_WARN_INFINITE_RECURSION = YES;
				CLANG_WARN_INT_CONVERSION = YES;
				CLANG_WARN_NON_LITERAL_NULL_CONVERSION = YES;
				CLANG_WARN_OBJC_IMPLICIT_RETAIN_SELF = YES;
				CLANG_WARN_OBJC_LITERAL_CONVERSION = YES;
				CLANG_WARN_OBJC_ROOT_CLASS = YES_ERROR;
				CLANG_WARN_QUOTED_INCLUDE_IN_FRAMEWORK_HEADER = YES;
				CLANG_WARN_RANGE_LOOP_ANALYSIS = YES;
				CLANG_WARN_STRICT_PROTOTYPES = YES;
				CLANG_WARN_SUSPICIOUS_MOVE = YES;
				CLANG_WARN_UNGUARDED_AVAILABILITY = YES_AGGRESSIVE;
				CLANG_WARN_UNREACHABLE_CODE = YES;
				CLANG_WARN__DUPLICATE_METHOD_MATCH = YES;
				COPY_PHASE_STRIP = NO;
				DEBUG_INFORMATION_FORMAT = "dwarf-with-dsym";
				ENABLE_NS_ASSERTIONS = NO;
				ENABLE_STRICT_OBJC_MSGSEND = YES;
				GCC_C_LANGUAGE_STANDARD = gnu11;
				GCC_NO_COMMON_BLOCKS = YES;
				GCC_WARN_64_TO_32_BIT_CONVERSION = YES;
				GCC_WARN_ABOUT_RETURN_TYPE = YES_ERROR;
				GCC_WARN_UNDECLARED_SELECTOR = YES;
				GCC_WARN_UNINITIALIZED_AUTOS = YES_AGGRESSIVE;
				GCC_WARN_UNUSED_FUNCTION = YES;
				GCC_WARN_UNUSED_VARIABLE = YES;
				IPHONEOS_DEPLOYMENT_TARGET = 14.0;
				MTL_ENABLE_DEBUG_INFO = NO;
				MTL_FAST_MATH = YES;
				SDKROOT = iphoneos;
				SWIFT_COMPILATION_MODE = wholemodule;
				SWIFT_OPTIMIZATION_LEVEL = "-O";
				VALIDATE_PRODUCT = YES;
			};
			name = Release;
		};
		9B16128A25345DB200BE87A3 /* Debug */ = {
			isa = XCBuildConfiguration;
			buildSettings = {
				ASSETCATALOG_COMPILER_APPICON_NAME = AppIcon;
				ASSETCATALOG_COMPILER_GLOBAL_ACCENT_COLOR_NAME = AccentColor;
				CODE_SIGN_STYLE = Automatic;
				DEVELOPMENT_TEAM = DUQE66MABG;
				INFOPLIST_FILE = Sopt_iOS_1Week_Assignment/Info.plist;
				LD_RUNPATH_SEARCH_PATHS = (
					"$(inherited)",
					"@executable_path/Frameworks",
				);
				PRODUCT_BUNDLE_IDENTIFIER = "com.tistory.minnit-develop.Sopt-iOS-1Week-Assignment";
				PRODUCT_NAME = "$(TARGET_NAME)";
				SWIFT_VERSION = 5.0;
				TARGETED_DEVICE_FAMILY = "1,2";
			};
			name = Debug;
		};
		9B16128B25345DB200BE87A3 /* Release */ = {
			isa = XCBuildConfiguration;
			buildSettings = {
				ASSETCATALOG_COMPILER_APPICON_NAME = AppIcon;
				ASSETCATALOG_COMPILER_GLOBAL_ACCENT_COLOR_NAME = AccentColor;
				CODE_SIGN_STYLE = Automatic;
				DEVELOPMENT_TEAM = DUQE66MABG;
				INFOPLIST_FILE = Sopt_iOS_1Week_Assignment/Info.plist;
				LD_RUNPATH_SEARCH_PATHS = (
					"$(inherited)",
					"@executable_path/Frameworks",
				);
				PRODUCT_BUNDLE_IDENTIFIER = "com.tistory.minnit-develop.Sopt-iOS-1Week-Assignment";
				PRODUCT_NAME = "$(TARGET_NAME)";
				SWIFT_VERSION = 5.0;
				TARGETED_DEVICE_FAMILY = "1,2";
			};
			name = Release;
		};
/* End XCBuildConfiguration section */

/* Begin XCConfigurationList section */
		9B16127025345DAF00BE87A3 /* Build configuration list for PBXProject "Sopt_iOS_1Week_Assignment" */ = {
			isa = XCConfigurationList;
			buildConfigurations = (
				9B16128725345DB100BE87A3 /* Debug */,
				9B16128825345DB100BE87A3 /* Release */,
			);
			defaultConfigurationIsVisible = 0;
			defaultConfigurationName = Release;
		};
		9B16128925345DB200BE87A3 /* Build configuration list for PBXNativeTarget "Sopt_iOS_1Week_Assignment" */ = {
			isa = XCConfigurationList;
			buildConfigurations = (
				9B16128A25345DB200BE87A3 /* Debug */,
				9B16128B25345DB200BE87A3 /* Release */,
			);
			defaultConfigurationIsVisible = 0;
			defaultConfigurationName = Release;
		};
/* End XCConfigurationList section */
	};
	rootObject = 9B16126D25345DAF00BE87A3 /* Project object */;
}
