// !$*UTF8*$!
{
	archiveVersion = 1;
	classes = {
	};
	objectVersion = 50;
	objects = {

/* Begin PBXBuildFile section */
		9B2A1F88254D33E400D9B1C8 /* AppDelegate.swift in Sources */ = {isa = PBXBuildFile; fileRef = 9B2A1F87254D33E400D9B1C8 /* AppDelegate.swift */; };
		9B2A1F8A254D33E400D9B1C8 /* SceneDelegate.swift in Sources */ = {isa = PBXBuildFile; fileRef = 9B2A1F89254D33E400D9B1C8 /* SceneDelegate.swift */; };
		9B2A1F8C254D33E400D9B1C8 /* ViewController.swift in Sources */ = {isa = PBXBuildFile; fileRef = 9B2A1F8B254D33E400D9B1C8 /* ViewController.swift */; };
		9B2A1F8F254D33E400D9B1C8 /* Main.storyboard in Resources */ = {isa = PBXBuildFile; fileRef = 9B2A1F8D254D33E400D9B1C8 /* Main.storyboard */; };
		9B2A1F91254D33EA00D9B1C8 /* Assets.xcassets in Resources */ = {isa = PBXBuildFile; fileRef = 9B2A1F90254D33EA00D9B1C8 /* Assets.xcassets */; };
		9B2A1F94254D33EA00D9B1C8 /* LaunchScreen.storyboard in Resources */ = {isa = PBXBuildFile; fileRef = 9B2A1F92254D33EA00D9B1C8 /* LaunchScreen.storyboard */; };
		9B2A1F9D254D34A400D9B1C8 /* PickerViewTest.storyboard in Resources */ = {isa = PBXBuildFile; fileRef = 9B2A1F9C254D34A400D9B1C8 /* PickerViewTest.storyboard */; };
		9B2A1FA0254D351C00D9B1C8 /* PickerViewTestVC.swift in Sources */ = {isa = PBXBuildFile; fileRef = 9B2A1F9F254D351C00D9B1C8 /* PickerViewTestVC.swift */; };
		9B85563D254D3A4300581343 /* Part.swift in Sources */ = {isa = PBXBuildFile; fileRef = 9B85563C254D3A4300581343 /* Part.swift */; };
		9B9B5970254D463E00CAF98F /* TableViewTest.storyboard in Resources */ = {isa = PBXBuildFile; fileRef = 9B9B596F254D463E00CAF98F /* TableViewTest.storyboard */; };
		9B9B5973254D466F00CAF98F /* TableViewTestVC.swift in Sources */ = {isa = PBXBuildFile; fileRef = 9B9B5972254D466F00CAF98F /* TableViewTestVC.swift */; };
		9B9B5976254D4B5F00CAF98F /* MusicRankCell.swift in Sources */ = {isa = PBXBuildFile; fileRef = 9B9B5975254D4B5F00CAF98F /* MusicRankCell.swift */; };
		9B9B5979254D4D3B00CAF98F /* Music.swift in Sources */ = {isa = PBXBuildFile; fileRef = 9B9B5978254D4D3B00CAF98F /* Music.swift */; };
		9B9B597C254D51A900CAF98F /* MusicInfo.storyboard in Resources */ = {isa = PBXBuildFile; fileRef = 9B9B597B254D51A900CAF98F /* MusicInfo.storyboard */; };
		9B9B597F254D51C500CAF98F /* MusicInfoVC.swift in Sources */ = {isa = PBXBuildFile; fileRef = 9B9B597E254D51C500CAF98F /* MusicInfoVC.swift */; };
		9B9B5982254D563600CAF98F /* CollectionViewTest.storyboard in Resources */ = {isa = PBXBuildFile; fileRef = 9B9B5981254D563600CAF98F /* CollectionViewTest.storyboard */; };
		9B9B5985254D565400CAF98F /* CollectionViewTestVC.swift in Sources */ = {isa = PBXBuildFile; fileRef = 9B9B5984254D565400CAF98F /* CollectionViewTestVC.swift */; };
		9B9B5988254D58D100CAF98F /* PartBannerCell.swift in Sources */ = {isa = PBXBuildFile; fileRef = 9B9B5987254D58D100CAF98F /* PartBannerCell.swift */; };
/* End PBXBuildFile section */

/* Begin PBXFileReference section */
		9B2A1F84254D33E400D9B1C8 /* Sopt_iOS_3Week_Seminar_Project.app */ = {isa = PBXFileReference; explicitFileType = wrapper.application; includeInIndex = 0; path = Sopt_iOS_3Week_Seminar_Project.app; sourceTree = BUILT_PRODUCTS_DIR; };
		9B2A1F87254D33E400D9B1C8 /* AppDelegate.swift */ = {isa = PBXFileReference; lastKnownFileType = sourcecode.swift; path = AppDelegate.swift; sourceTree = "<group>"; };
		9B2A1F89254D33E400D9B1C8 /* SceneDelegate.swift */ = {isa = PBXFileReference; lastKnownFileType = sourcecode.swift; path = SceneDelegate.swift; sourceTree = "<group>"; };
		9B2A1F8B254D33E400D9B1C8 /* ViewController.swift */ = {isa = PBXFileReference; lastKnownFileType = sourcecode.swift; path = ViewController.swift; sourceTree = "<group>"; };
		9B2A1F8E254D33E400D9B1C8 /* Base */ = {isa = PBXFileReference; lastKnownFileType = file.storyboard; name = Base; path = Base.lproj/Main.storyboard; sourceTree = "<group>"; };
		9B2A1F90254D33EA00D9B1C8 /* Assets.xcassets */ = {isa = PBXFileReference; lastKnownFileType = folder.assetcatalog; path = Assets.xcassets; sourceTree = "<group>"; };
		9B2A1F93254D33EA00D9B1C8 /* Base */ = {isa = PBXFileReference; lastKnownFileType = file.storyboard; name = Base; path = Base.lproj/LaunchScreen.storyboard; sourceTree = "<group>"; };
		9B2A1F95254D33EA00D9B1C8 /* Info.plist */ = {isa = PBXFileReference; lastKnownFileType = text.plist.xml; path = Info.plist; sourceTree = "<group>"; };
		9B2A1F9C254D34A400D9B1C8 /* PickerViewTest.storyboard */ = {isa = PBXFileReference; lastKnownFileType = file.storyboard; path = PickerViewTest.storyboard; sourceTree = "<group>"; };
		9B2A1F9F254D351C00D9B1C8 /* PickerViewTestVC.swift */ = {isa = PBXFileReference; lastKnownFileType = sourcecode.swift; path = PickerViewTestVC.swift; sourceTree = "<group>"; };
		9B85563C254D3A4300581343 /* Part.swift */ = {isa = PBXFileReference; lastKnownFileType = sourcecode.swift; path = Part.swift; sourceTree = "<group>"; };
		9B9B596F254D463E00CAF98F /* TableViewTest.storyboard */ = {isa = PBXFileReference; lastKnownFileType = file.storyboard; path = TableViewTest.storyboard; sourceTree = "<group>"; };
		9B9B5972254D466F00CAF98F /* TableViewTestVC.swift */ = {isa = PBXFileReference; lastKnownFileType = sourcecode.swift; path = TableViewTestVC.swift; sourceTree = "<group>"; };
		9B9B5975254D4B5F00CAF98F /* MusicRankCell.swift */ = {isa = PBXFileReference; lastKnownFileType = sourcecode.swift; path = MusicRankCell.swift; sourceTree = "<group>"; };
		9B9B5978254D4D3B00CAF98F /* Music.swift */ = {isa = PBXFileReference; lastKnownFileType = sourcecode.swift; path = Music.swift; sourceTree = "<group>"; };
		9B9B597B254D51A900CAF98F /* MusicInfo.storyboard */ = {isa = PBXFileReference; lastKnownFileType = file.storyboard; path = MusicInfo.storyboard; sourceTree = "<group>"; };
		9B9B597E254D51C500CAF98F /* MusicInfoVC.swift */ = {isa = PBXFileReference; lastKnownFileType = sourcecode.swift; path = MusicInfoVC.swift; sourceTree = "<group>"; };
		9B9B5981254D563600CAF98F /* CollectionViewTest.storyboard */ = {isa = PBXFileReference; lastKnownFileType = file.storyboard; path = CollectionViewTest.storyboard; sourceTree = "<group>"; };
		9B9B5984254D565400CAF98F /* CollectionViewTestVC.swift */ = {isa = PBXFileReference; lastKnownFileType = sourcecode.swift; path = CollectionViewTestVC.swift; sourceTree = "<group>"; };
		9B9B5987254D58D100CAF98F /* PartBannerCell.swift */ = {isa = PBXFileReference; lastKnownFileType = sourcecode.swift; path = PartBannerCell.swift; sourceTree = "<group>"; };
/* End PBXFileReference section */

/* Begin PBXFrameworksBuildPhase section */
		9B2A1F81254D33E400D9B1C8 /* Frameworks */ = {
			isa = PBXFrameworksBuildPhase;
			buildActionMask = 2147483647;
			files = (
			);
			runOnlyForDeploymentPostprocessing = 0;
		};
/* End PBXFrameworksBuildPhase section */

/* Begin PBXGroup section */
		9B2A1F7B254D33E400D9B1C8 = {
			isa = PBXGroup;
			children = (
				9B2A1F86254D33E400D9B1C8 /* Sopt_iOS_3Week_Seminar_Project */,
				9B2A1F85254D33E400D9B1C8 /* Products */,
			);
			sourceTree = "<group>";
		};
		9B2A1F85254D33E400D9B1C8 /* Products */ = {
			isa = PBXGroup;
			children = (
				9B2A1F84254D33E400D9B1C8 /* Sopt_iOS_3Week_Seminar_Project.app */,
			);
			name = Products;
			sourceTree = "<group>";
		};
		9B2A1F86254D33E400D9B1C8 /* Sopt_iOS_3Week_Seminar_Project */ = {
			isa = PBXGroup;
			children = (
				9B9B598C254D9A2500CAF98F /* Resource */,
				9B9B598B254D9A2000CAF98F /* Source */,
				9B9B598A254D9A1900CAF98F /* Surpporting File */,
				9B2A1F90254D33EA00D9B1C8 /* Assets.xcassets */,
				9B2A1F95254D33EA00D9B1C8 /* Info.plist */,
			);
			path = Sopt_iOS_3Week_Seminar_Project;
			sourceTree = "<group>";
		};
		9B9B598A254D9A1900CAF98F /* Surpporting File */ = {
			isa = PBXGroup;
			children = (
				9B2A1F87254D33E400D9B1C8 /* AppDelegate.swift */,
				9B2A1F89254D33E400D9B1C8 /* SceneDelegate.swift */,
			);
			path = "Surpporting File";
			sourceTree = "<group>";
		};
		9B9B598B254D9A2000CAF98F /* Source */ = {
			isa = PBXGroup;
			children = (
				9B9B598F254D9A3C00CAF98F /* Model */,
				9B9B598E254D9A3400CAF98F /* Cell */,
				9B9B598D254D9A2F00CAF98F /* ViewController */,
			);
			path = Source;
			sourceTree = "<group>";
		};
		9B9B598C254D9A2500CAF98F /* Resource */ = {
			isa = PBXGroup;
			children = (
				9B9B5990254D9A4300CAF98F /* StoryBoards */,
			);
			path = Resource;
			sourceTree = "<group>";
		};
		9B9B598D254D9A2F00CAF98F /* ViewController */ = {
			isa = PBXGroup;
			children = (
				9B2A1F9F254D351C00D9B1C8 /* PickerViewTestVC.swift */,
				9B9B5984254D565400CAF98F /* CollectionViewTestVC.swift */,
				9B9B597E254D51C500CAF98F /* MusicInfoVC.swift */,
				9B9B5972254D466F00CAF98F /* TableViewTestVC.swift */,
				9B2A1F8B254D33E400D9B1C8 /* ViewController.swift */,
			);
			path = ViewController;
			sourceTree = "<group>";
		};
		9B9B598E254D9A3400CAF98F /* Cell */ = {
			isa = PBXGroup;
			children = (
				9B9B5975254D4B5F00CAF98F /* MusicRankCell.swift */,
				9B9B5987254D58D100CAF98F /* PartBannerCell.swift */,
			);
			path = Cell;
			sourceTree = "<group>";
		};
		9B9B598F254D9A3C00CAF98F /* Model */ = {
			isa = PBXGroup;
			children = (
				9B85563C254D3A4300581343 /* Part.swift */,
				9B9B5978254D4D3B00CAF98F /* Music.swift */,
			);
			path = Model;
			sourceTree = "<group>";
		};
		9B9B5990254D9A4300CAF98F /* StoryBoards */ = {
			isa = PBXGroup;
			children = (
				9B2A1F8D254D33E400D9B1C8 /* Main.storyboard */,
				9B9B596F254D463E00CAF98F /* TableViewTest.storyboard */,
				9B2A1F92254D33EA00D9B1C8 /* LaunchScreen.storyboard */,
				9B9B5981254D563600CAF98F /* CollectionViewTest.storyboard */,
				9B9B597B254D51A900CAF98F /* MusicInfo.storyboard */,
				9B2A1F9C254D34A400D9B1C8 /* PickerViewTest.storyboard */,
			);
			path = StoryBoards;
			sourceTree = "<group>";
		};
/* End PBXGroup section */

/* Begin PBXNativeTarget section */
		9B2A1F83254D33E400D9B1C8 /* Sopt_iOS_3Week_Seminar_Project */ = {
			isa = PBXNativeTarget;
			buildConfigurationList = 9B2A1F98254D33EA00D9B1C8 /* Build configuration list for PBXNativeTarget "Sopt_iOS_3Week_Seminar_Project" */;
			buildPhases = (
				9B2A1F80254D33E400D9B1C8 /* Sources */,
				9B2A1F81254D33E400D9B1C8 /* Frameworks */,
				9B2A1F82254D33E400D9B1C8 /* Resources */,
			);
			buildRules = (
			);
			dependencies = (
			);
			name = Sopt_iOS_3Week_Seminar_Project;
			productName = Sopt_iOS_3Week_Seminar_Project;
			productReference = 9B2A1F84254D33E400D9B1C8 /* Sopt_iOS_3Week_Seminar_Project.app */;
			productType = "com.apple.product-type.application";
		};
/* End PBXNativeTarget section */

/* Begin PBXProject section */
		9B2A1F7C254D33E400D9B1C8 /* Project object */ = {
			isa = PBXProject;
			attributes = {
				LastSwiftUpdateCheck = 1200;
				LastUpgradeCheck = 1200;
				TargetAttributes = {
					9B2A1F83254D33E400D9B1C8 = {
						CreatedOnToolsVersion = 12.0.1;
					};
				};
			};
			buildConfigurationList = 9B2A1F7F254D33E400D9B1C8 /* Build configuration list for PBXProject "Sopt_iOS_3Week_Seminar_Project" */;
			compatibilityVersion = "Xcode 9.3";
			developmentRegion = en;
			hasScannedForEncodings = 0;
			knownRegions = (
				en,
				Base,
			);
			mainGroup = 9B2A1F7B254D33E400D9B1C8;
			productRefGroup = 9B2A1F85254D33E400D9B1C8 /* Products */;
			projectDirPath = "";
			projectRoot = "";
			targets = (
				9B2A1F83254D33E400D9B1C8 /* Sopt_iOS_3Week_Seminar_Project */,
			);
		};
/* End PBXProject section */

/* Begin PBXResourcesBuildPhase section */
		9B2A1F82254D33E400D9B1C8 /* Resources */ = {
			isa = PBXResourcesBuildPhase;
			buildActionMask = 2147483647;
			files = (
				9B9B597C254D51A900CAF98F /* MusicInfo.storyboard in Resources */,
				9B9B5970254D463E00CAF98F /* TableViewTest.storyboard in Resources */,
				9B9B5982254D563600CAF98F /* CollectionViewTest.storyboard in Resources */,
				9B2A1F94254D33EA00D9B1C8 /* LaunchScreen.storyboard in Resources */,
				9B2A1F9D254D34A400D9B1C8 /* PickerViewTest.storyboard in Resources */,
				9B2A1F91254D33EA00D9B1C8 /* Assets.xcassets in Resources */,
				9B2A1F8F254D33E400D9B1C8 /* Main.storyboard in Resources */,
			);
			runOnlyForDeploymentPostprocessing = 0;
		};
/* End PBXResourcesBuildPhase section */

/* Begin PBXSourcesBuildPhase section */
		9B2A1F80254D33E400D9B1C8 /* Sources */ = {
			isa = PBXSourcesBuildPhase;
			buildActionMask = 2147483647;
			files = (
				9B9B597F254D51C500CAF98F /* MusicInfoVC.swift in Sources */,
				9B9B5976254D4B5F00CAF98F /* MusicRankCell.swift in Sources */,
				9B2A1F8C254D33E400D9B1C8 /* ViewController.swift in Sources */,
				9B2A1F88254D33E400D9B1C8 /* AppDelegate.swift in Sources */,
				9B9B5988254D58D100CAF98F /* PartBannerCell.swift in Sources */,
				9B9B5973254D466F00CAF98F /* TableViewTestVC.swift in Sources */,
				9B9B5985254D565400CAF98F /* CollectionViewTestVC.swift in Sources */,
				9B2A1F8A254D33E400D9B1C8 /* SceneDelegate.swift in Sources */,
				9B85563D254D3A4300581343 /* Part.swift in Sources */,
				9B2A1FA0254D351C00D9B1C8 /* PickerViewTestVC.swift in Sources */,
				9B9B5979254D4D3B00CAF98F /* Music.swift in Sources */,
			);
			runOnlyForDeploymentPostprocessing = 0;
		};
/* End PBXSourcesBuildPhase section */

/* Begin PBXVariantGroup section */
		9B2A1F8D254D33E400D9B1C8 /* Main.storyboard */ = {
			isa = PBXVariantGroup;
			children = (
				9B2A1F8E254D33E400D9B1C8 /* Base */,
			);
			name = Main.storyboard;
			sourceTree = "<group>";
		};
		9B2A1F92254D33EA00D9B1C8 /* LaunchScreen.storyboard */ = {
			isa = PBXVariantGroup;
			children = (
				9B2A1F93254D33EA00D9B1C8 /* Base */,
			);
			name = LaunchScreen.storyboard;
			sourceTree = "<group>";
		};
/* End PBXVariantGroup section */

/* Begin XCBuildConfiguration section */
		9B2A1F96254D33EA00D9B1C8 /* Debug */ = {
			isa = XCBuildConfiguration;
			buildSettings = {
				ALWAYS_SEARCH_USER_PATHS = NO;
				CLANG_ANALYZER_NONNULL = YES;
				CLANG_ANALYZER_NUMBER_OBJECT_CONVERSION = YES_AGGRESSIVE;
				CLANG_CXX_LANGUAGE_STANDARD = "gnu++14";
				CLANG_CXX_LIBRARY = "libc++";
				CLANG_ENABLE_MODULES = YES;
				CLANG_ENABLE_OBJC_ARC = YES;
				CLANG_ENABLE_OBJC_WEAK = YES;
				CLANG_WARN_BLOCK_CAPTURE_AUTORELEASING = YES;
				CLANG_WARN_BOOL_CONVERSION = YES;
				CLANG_WARN_COMMA = YES;
				CLANG_WARN_CONSTANT_CONVERSION = YES;
				CLANG_WARN_DEPRECATED_OBJC_IMPLEMENTATIONS = YES;
				CLANG_WARN_DIRECT_OBJC_ISA_USAGE = YES_ERROR;
				CLANG_WARN_DOCUMENTATION_COMMENTS = YES;
				CLANG_WARN_EMPTY_BODY = YES;
				CLANG_WARN_ENUM_CONVERSION = YES;
				CLANG_WARN_INFINITE_RECURSION = YES;
				CLANG_WARN_INT_CONVERSION = YES;
				CLANG_WARN_NON_LITERAL_NULL_CONVERSION = YES;
				CLANG_WARN_OBJC_IMPLICIT_RETAIN_SELF = YES;
				CLANG_WARN_OBJC_LITERAL_CONVERSION = YES;
				CLANG_WARN_OBJC_ROOT_CLASS = YES_ERROR;
				CLANG_WARN_QUOTED_INCLUDE_IN_FRAMEWORK_HEADER = YES;
				CLANG_WARN_RANGE_LOOP_ANALYSIS = YES;
				CLANG_WARN_STRICT_PROTOTYPES = YES;
				CLANG_WARN_SUSPICIOUS_MOVE = YES;
				CLANG_WARN_UNGUARDED_AVAILABILITY = YES_AGGRESSIVE;
				CLANG_WARN_UNREACHABLE_CODE = YES;
				CLANG_WARN__DUPLICATE_METHOD_MATCH = YES;
				COPY_PHASE_STRIP = NO;
				DEBUG_INFORMATION_FORMAT = dwarf;
				ENABLE_STRICT_OBJC_MSGSEND = YES;
				ENABLE_TESTABILITY = YES;
				GCC_C_LANGUAGE_STANDARD = gnu11;
				GCC_DYNAMIC_NO_PIC = NO;
				GCC_NO_COMMON_BLOCKS = YES;
				GCC_OPTIMIZATION_LEVEL = 0;
				GCC_PREPROCESSOR_DEFINITIONS = (
					"DEBUG=1",
					"$(inherited)",
				);
				GCC_WARN_64_TO_32_BIT_CONVERSION = YES;
				GCC_WARN_ABOUT_RETURN_TYPE = YES_ERROR;
				GCC_WARN_UNDECLARED_SELECTOR = YES;
				GCC_WARN_UNINITIALIZED_AUTOS = YES_AGGRESSIVE;
				GCC_WARN_UNUSED_FUNCTION = YES;
				GCC_WARN_UNUSED_VARIABLE = YES;
				IPHONEOS_DEPLOYMENT_TARGET = 14.0;
				MTL_ENABLE_DEBUG_INFO = INCLUDE_SOURCE;
				MTL_FAST_MATH = YES;
				ONLY_ACTIVE_ARCH = YES;
				SDKROOT = iphoneos;
				SWIFT_ACTIVE_COMPILATION_CONDITIONS = DEBUG;
				SWIFT_OPTIMIZATION_LEVEL = "-Onone";
			};
			name = Debug;
		};
		9B2A1F97254D33EA00D9B1C8 /* Release */ = {
			isa = XCBuildConfiguration;
			buildSettings = {
				ALWAYS_SEARCH_USER_PATHS = NO;
				CLANG_ANALYZER_NONNULL = YES;
				CLANG_ANALYZER_NUMBER_OBJECT_CONVERSION = YES_AGGRESSIVE;
				CLANG_CXX_LANGUAGE_STANDARD = "gnu++14";
				CLANG_CXX_LIBRARY = "libc++";
				CLANG_ENABLE_MODULES = YES;
				CLANG_ENABLE_OBJC_ARC = YES;
				CLANG_ENABLE_OBJC_WEAK = YES;
				CLANG_WARN_BLOCK_CAPTURE_AUTORELEASING = YES;
				CLANG_WARN_BOOL_CONVERSION = YES;
				CLANG_WARN_COMMA = YES;
				CLANG_WARN_CONSTANT_CONVERSION = YES;
				CLANG_WARN_DEPRECATED_OBJC_IMPLEMENTATIONS = YES;
				CLANG_WARN_DIRECT_OBJC_ISA_USAGE = YES_ERROR;
				CLANG_WARN_DOCUMENTATION_COMMENTS = YES;
				CLANG_WARN_EMPTY_BODY = YES;
				CLANG_WARN_ENUM_CONVERSION = YES;
				CLANG_WARN_INFINITE_RECURSION = YES;
				CLANG_WARN_INT_CONVERSION = YES;
				CLANG_WARN_NON_LITERAL_NULL_CONVERSION = YES;
				CLANG_WARN_OBJC_IMPLICIT_RETAIN_SELF = YES;
				CLANG_WARN_OBJC_LITERAL_CONVERSION = YES;
				CLANG_WARN_OBJC_ROOT_CLASS = YES_ERROR;
				CLANG_WARN_QUOTED_INCLUDE_IN_FRAMEWORK_HEADER = YES;
				CLANG_WARN_RANGE_LOOP_ANALYSIS = YES;
				CLANG_WARN_STRICT_PROTOTYPES = YES;
				CLANG_WARN_SUSPICIOUS_MOVE = YES;
				CLANG_WARN_UNGUARDED_AVAILABILITY = YES_AGGRESSIVE;
				CLANG_WARN_UNREACHABLE_CODE = YES;
				CLANG_WARN__DUPLICATE_METHOD_MATCH = YES;
				COPY_PHASE_STRIP = NO;
				DEBUG_INFORMATION_FORMAT = "dwarf-with-dsym";
				ENABLE_NS_ASSERTIONS = NO;
				ENABLE_STRICT_OBJC_MSGSEND = YES;
				GCC_C_LANGUAGE_STANDARD = gnu11;
				GCC_NO_COMMON_BLOCKS = YES;
				GCC_WARN_64_TO_32_BIT_CONVERSION = YES;
				GCC_WARN_ABOUT_RETURN_TYPE = YES_ERROR;
				GCC_WARN_UNDECLARED_SELECTOR = YES;
				GCC_WARN_UNINITIALIZED_AUTOS = YES_AGGRESSIVE;
				GCC_WARN_UNUSED_FUNCTION = YES;
				GCC_WARN_UNUSED_VARIABLE = YES;
				IPHONEOS_DEPLOYMENT_TARGET = 14.0;
				MTL_ENABLE_DEBUG_INFO = NO;
				MTL_FAST_MATH = YES;
				SDKROOT = iphoneos;
				SWIFT_COMPILATION_MODE = wholemodule;
				SWIFT_OPTIMIZATION_LEVEL = "-O";
				VALIDATE_PRODUCT = YES;
			};
			name = Release;
		};
		9B2A1F99254D33EA00D9B1C8 /* Debug */ = {
			isa = XCBuildConfiguration;
			buildSettings = {
				ASSETCATALOG_COMPILER_APPICON_NAME = AppIcon;
				ASSETCATALOG_COMPILER_GLOBAL_ACCENT_COLOR_NAME = AccentColor;
				CODE_SIGN_STYLE = Automatic;
				DEVELOPMENT_TEAM = DUQE66MABG;
				INFOPLIST_FILE = Sopt_iOS_3Week_Seminar_Project/Info.plist;
				LD_RUNPATH_SEARCH_PATHS = (
					"$(inherited)",
					"@executable_path/Frameworks",
				);
				PRODUCT_BUNDLE_IDENTIFIER = "com.tistory.minnit-develop.Sopt-iOS-3Week-Seminar-Project";
				PRODUCT_NAME = "$(TARGET_NAME)";
				SWIFT_VERSION = 5.0;
				TARGETED_DEVICE_FAMILY = "1,2";
			};
			name = Debug;
		};
		9B2A1F9A254D33EA00D9B1C8 /* Release */ = {
			isa = XCBuildConfiguration;
			buildSettings = {
				ASSETCATALOG_COMPILER_APPICON_NAME = AppIcon;
				ASSETCATALOG_COMPILER_GLOBAL_ACCENT_COLOR_NAME = AccentColor;
				CODE_SIGN_STYLE = Automatic;
				DEVELOPMENT_TEAM = DUQE66MABG;
				INFOPLIST_FILE = Sopt_iOS_3Week_Seminar_Project/Info.plist;
				LD_RUNPATH_SEARCH_PATHS = (
					"$(inherited)",
					"@executable_path/Frameworks",
				);
				PRODUCT_BUNDLE_IDENTIFIER = "com.tistory.minnit-develop.Sopt-iOS-3Week-Seminar-Project";
				PRODUCT_NAME = "$(TARGET_NAME)";
				SWIFT_VERSION = 5.0;
				TARGETED_DEVICE_FAMILY = "1,2";
			};
			name = Release;
		};
/* End XCBuildConfiguration section */

/* Begin XCConfigurationList section */
		9B2A1F7F254D33E400D9B1C8 /* Build configuration list for PBXProject "Sopt_iOS_3Week_Seminar_Project" */ = {
			isa = XCConfigurationList;
			buildConfigurations = (
				9B2A1F96254D33EA00D9B1C8 /* Debug */,
				9B2A1F97254D33EA00D9B1C8 /* Release */,
			);
			defaultConfigurationIsVisible = 0;
			defaultConfigurationName = Release;
		};
		9B2A1F98254D33EA00D9B1C8 /* Build configuration list for PBXNativeTarget "Sopt_iOS_3Week_Seminar_Project" */ = {
			isa = XCConfigurationList;
			buildConfigurations = (
				9B2A1F99254D33EA00D9B1C8 /* Debug */,
				9B2A1F9A254D33EA00D9B1C8 /* Release */,
			);
			defaultConfigurationIsVisible = 0;
			defaultConfigurationName = Release;
		};
/* End XCConfigurationList section */
	};
	rootObject = 9B2A1F7C254D33E400D9B1C8 /* Project object */;
}
